// !$*UTF8*$!
{
	archiveVersion = 1;
	classes = {
	};
	objectVersion = 50;
	objects = {

/* Begin PBXBuildFile section */
		15C00DD922F0D35900FF9952 /* AppDelegate.swift in Sources */ = {isa = PBXBuildFile; fileRef = 15C00DD822F0D35900FF9952 /* AppDelegate.swift */; };
		15C00DDE22F0D35900FF9952 /* Main.storyboard in Resources */ = {isa = PBXBuildFile; fileRef = 15C00DDC22F0D35900FF9952 /* Main.storyboard */; };
		15C00DE022F0D35B00FF9952 /* Assets.xcassets in Resources */ = {isa = PBXBuildFile; fileRef = 15C00DDF22F0D35B00FF9952 /* Assets.xcassets */; };
		15C00DE322F0D35B00FF9952 /* LaunchScreen.storyboard in Resources */ = {isa = PBXBuildFile; fileRef = 15C00DE122F0D35B00FF9952 /* LaunchScreen.storyboard */; };
		15C00DF222F0D46000FF9952 /* GitHubUser.swift in Sources */ = {isa = PBXBuildFile; fileRef = 15C00DEA22F0D46000FF9952 /* GitHubUser.swift */; };
		15C00DF322F0D46000FF9952 /* UserViewController.swift in Sources */ = {isa = PBXBuildFile; fileRef = 15C00DEB22F0D46000FF9952 /* UserViewController.swift */; };
		15C00DF422F0D46000FF9952 /* RepoTableViewCell.swift in Sources */ = {isa = PBXBuildFile; fileRef = 15C00DEC22F0D46000FF9952 /* RepoTableViewCell.swift */; };
		15C00DF522F0D46000FF9952 /* DetailedViewController.swift in Sources */ = {isa = PBXBuildFile; fileRef = 15C00DED22F0D46000FF9952 /* DetailedViewController.swift */; };
		15C00DF622F0D46000FF9952 /* Repository.swift in Sources */ = {isa = PBXBuildFile; fileRef = 15C00DEE22F0D46000FF9952 /* Repository.swift */; };
		15C00DF722F0D46000FF9952 /* MovieTableViewCell.swift in Sources */ = {isa = PBXBuildFile; fileRef = 15C00DEF22F0D46000FF9952 /* MovieTableViewCell.swift */; };
		15C00DF822F0D46000FF9952 /* TableViewController.swift in Sources */ = {isa = PBXBuildFile; fileRef = 15C00DF022F0D46000FF9952 /* TableViewController.swift */; };
		15C00DF922F0D46000FF9952 /* LoginViewController.swift in Sources */ = {isa = PBXBuildFile; fileRef = 15C00DF122F0D46000FF9952 /* LoginViewController.swift */; };
/* End PBXBuildFile section */

/* Begin PBXFileReference section */
		15C00DD522F0D35900FF9952 /* GitHub Networking Test.app */ = {isa = PBXFileReference; explicitFileType = wrapper.application; includeInIndex = 0; path = "GitHub Networking Test.app"; sourceTree = BUILT_PRODUCTS_DIR; };
		15C00DD822F0D35900FF9952 /* AppDelegate.swift */ = {isa = PBXFileReference; lastKnownFileType = sourcecode.swift; path = AppDelegate.swift; sourceTree = "<group>"; };
		15C00DDD22F0D35900FF9952 /* Base */ = {isa = PBXFileReference; lastKnownFileType = file.storyboard; name = Base; path = Base.lproj/Main.storyboard; sourceTree = "<group>"; };
		15C00DDF22F0D35B00FF9952 /* Assets.xcassets */ = {isa = PBXFileReference; lastKnownFileType = folder.assetcatalog; path = Assets.xcassets; sourceTree = "<group>"; };
		15C00DE222F0D35B00FF9952 /* Base */ = {isa = PBXFileReference; lastKnownFileType = file.storyboard; name = Base; path = Base.lproj/LaunchScreen.storyboard; sourceTree = "<group>"; };
		15C00DE422F0D35B00FF9952 /* Info.plist */ = {isa = PBXFileReference; lastKnownFileType = text.plist.xml; path = Info.plist; sourceTree = "<group>"; };
		15C00DEA22F0D46000FF9952 /* GitHubUser.swift */ = {isa = PBXFileReference; fileEncoding = 4; lastKnownFileType = sourcecode.swift; path = GitHubUser.swift; sourceTree = "<group>"; };
		15C00DEB22F0D46000FF9952 /* UserViewController.swift */ = {isa = PBXFileReference; fileEncoding = 4; lastKnownFileType = sourcecode.swift; path = UserViewController.swift; sourceTree = "<group>"; };
		15C00DEC22F0D46000FF9952 /* RepoTableViewCell.swift */ = {isa = PBXFileReference; fileEncoding = 4; lastKnownFileType = sourcecode.swift; path = RepoTableViewCell.swift; sourceTree = "<group>"; };
		15C00DED22F0D46000FF9952 /* DetailedViewController.swift */ = {isa = PBXFileReference; fileEncoding = 4; lastKnownFileType = sourcecode.swift; path = DetailedViewController.swift; sourceTree = "<group>"; };
		15C00DEE22F0D46000FF9952 /* Repository.swift */ = {isa = PBXFileReference; fileEncoding = 4; lastKnownFileType = sourcecode.swift; path = Repository.swift; sourceTree = "<group>"; };
		15C00DEF22F0D46000FF9952 /* MovieTableViewCell.swift */ = {isa = PBXFileReference; fileEncoding = 4; lastKnownFileType = sourcecode.swift; path = MovieTableViewCell.swift; sourceTree = "<group>"; };
		15C00DF022F0D46000FF9952 /* TableViewController.swift */ = {isa = PBXFileReference; fileEncoding = 4; lastKnownFileType = sourcecode.swift; path = TableViewController.swift; sourceTree = "<group>"; };
		15C00DF122F0D46000FF9952 /* LoginViewController.swift */ = {isa = PBXFileReference; fileEncoding = 4; lastKnownFileType = sourcecode.swift; path = LoginViewController.swift; sourceTree = "<group>"; };
/* End PBXFileReference section */

/* Begin PBXFrameworksBuildPhase section */
		15C00DD222F0D35900FF9952 /* Frameworks */ = {
			isa = PBXFrameworksBuildPhase;
			buildActionMask = 2147483647;
			files = (
			);
			runOnlyForDeploymentPostprocessing = 0;
		};
/* End PBXFrameworksBuildPhase section */

/* Begin PBXGroup section */
		15C00DCC22F0D35900FF9952 = {
			isa = PBXGroup;
			children = (
				15C00DD722F0D35900FF9952 /* GitHub Networking Test */,
				15C00DD622F0D35900FF9952 /* Products */,
			);
			sourceTree = "<group>";
		};
		15C00DD622F0D35900FF9952 /* Products */ = {
			isa = PBXGroup;
			children = (
				15C00DD522F0D35900FF9952 /* GitHub Networking Test.app */,
			);
			name = Products;
			sourceTree = "<group>";
		};
		15C00DD722F0D35900FF9952 /* GitHub Networking Test */ = {
			isa = PBXGroup;
			children = (
				15C00DED22F0D46000FF9952 /* DetailedViewController.swift */,
				15C00DEA22F0D46000FF9952 /* GitHubUser.swift */,
				15C00DF122F0D46000FF9952 /* LoginViewController.swift */,
				15C00DEF22F0D46000FF9952 /* MovieTableViewCell.swift */,
				15C00DEE22F0D46000FF9952 /* Repository.swift */,
				15C00DEC22F0D46000FF9952 /* RepoTableViewCell.swift */,
				15C00DF022F0D46000FF9952 /* TableViewController.swift */,
				15C00DEB22F0D46000FF9952 /* UserViewController.swift */,
				15C00DD822F0D35900FF9952 /* AppDelegate.swift */,
				15C00DDC22F0D35900FF9952 /* Main.storyboard */,
				15C00DDF22F0D35B00FF9952 /* Assets.xcassets */,
				15C00DE122F0D35B00FF9952 /* LaunchScreen.storyboard */,
				15C00DE422F0D35B00FF9952 /* Info.plist */,
			);
			path = "GitHub Networking Test";
			sourceTree = "<group>";
		};
/* End PBXGroup section */

/* Begin PBXNativeTarget section */
		15C00DD422F0D35900FF9952 /* GitHub Networking Test */ = {
			isa = PBXNativeTarget;
			buildConfigurationList = 15C00DE722F0D35B00FF9952 /* Build configuration list for PBXNativeTarget "GitHub Networking Test" */;
			buildPhases = (
				15C00DD122F0D35900FF9952 /* Sources */,
				15C00DD222F0D35900FF9952 /* Frameworks */,
				15C00DD322F0D35900FF9952 /* Resources */,
			);
			buildRules = (
			);
			dependencies = (
			);
			name = "GitHub Networking Test";
			productName = "GitHub Networking Test";
			productReference = 15C00DD522F0D35900FF9952 /* GitHub Networking Test.app */;
			productType = "com.apple.product-type.application";
		};
/* End PBXNativeTarget section */

/* Begin PBXProject section */
		15C00DCD22F0D35900FF9952 /* Project object */ = {
			isa = PBXProject;
			attributes = {
				LastSwiftUpdateCheck = 1020;
				LastUpgradeCheck = 1020;
				ORGANIZATIONNAME = "Damian Roszczyk";
				TargetAttributes = {
					15C00DD422F0D35900FF9952 = {
						CreatedOnToolsVersion = 10.2.1;
					};
				};
			};
			buildConfigurationList = 15C00DD022F0D35900FF9952 /* Build configuration list for PBXProject "GitHub Networking Test" */;
			compatibilityVersion = "Xcode 9.3";
			developmentRegion = en;
			hasScannedForEncodings = 0;
			knownRegions = (
				en,
				Base,
			);
			mainGroup = 15C00DCC22F0D35900FF9952;
			productRefGroup = 15C00DD622F0D35900FF9952 /* Products */;
			projectDirPath = "";
			projectRoot = "";
			targets = (
				15C00DD422F0D35900FF9952 /* GitHub Networking Test */,
			);
		};
/* End PBXProject section */

/* Begin PBXResourcesBuildPhase section */
		15C00DD322F0D35900FF9952 /* Resources */ = {
			isa = PBXResourcesBuildPhase;
			buildActionMask = 2147483647;
			files = (
				15C00DE322F0D35B00FF9952 /* LaunchScreen.storyboard in Resources */,
				15C00DE022F0D35B00FF9952 /* Assets.xcassets in Resources */,
				15C00DDE22F0D35900FF9952 /* Main.storyboard in Resources */,
			);
			runOnlyForDeploymentPostprocessing = 0;
		};
/* End PBXResourcesBuildPhase section */

/* Begin PBXSourcesBuildPhase section */
		15C00DD122F0D35900FF9952 /* Sources */ = {
			isa = PBXSourcesBuildPhase;
			buildActionMask = 2147483647;
			files = (
				15C00DF622F0D46000FF9952 /* Repository.swift in Sources */,
				15C00DF222F0D46000FF9952 /* GitHubUser.swift in Sources */,
				15C00DF322F0D46000FF9952 /* UserViewController.swift in Sources */,
				15C00DF522F0D46000FF9952 /* DetailedViewController.swift in Sources */,
				15C00DF422F0D46000FF9952 /* RepoTableViewCell.swift in Sources */,
				15C00DF722F0D46000FF9952 /* MovieTableViewCell.swift in Sources */,
				15C00DF822F0D46000FF9952 /* TableViewController.swift in Sources */,
				15C00DF922F0D46000FF9952 /* LoginViewController.swift in Sources */,
				15C00DD922F0D35900FF9952 /* AppDelegate.swift in Sources */,
			);
			runOnlyForDeploymentPostprocessing = 0;
		};
/* End PBXSourcesBuildPhase section */

/* Begin PBXVariantGroup section */
		15C00DDC22F0D35900FF9952 /* Main.storyboard */ = {
			isa = PBXVariantGroup;
			children = (
				15C00DDD22F0D35900FF9952 /* Base */,
			);
			name = Main.storyboard;
			sourceTree = "<group>";
		};
		15C00DE122F0D35B00FF9952 /* LaunchScreen.storyboard */ = {
			isa = PBXVariantGroup;
			children = (
				15C00DE222F0D35B00FF9952 /* Base */,
			);
			name = LaunchScreen.storyboard;
			sourceTree = "<group>";
		};
/* End PBXVariantGroup section */

/* Begin XCBuildConfiguration section */
		15C00DE522F0D35B00FF9952 /* Debug */ = {
			isa = XCBuildConfiguration;
			buildSettings = {
				ALWAYS_SEARCH_USER_PATHS = NO;
				CLANG_ANALYZER_NONNULL = YES;
				CLANG_ANALYZER_NUMBER_OBJECT_CONVERSION = YES_AGGRESSIVE;
				CLANG_CXX_LANGUAGE_STANDARD = "gnu++14";
				CLANG_CXX_LIBRARY = "libc++";
				CLANG_ENABLE_MODULES = YES;
				CLANG_ENABLE_OBJC_ARC = YES;
				CLANG_ENABLE_OBJC_WEAK = YES;
				CLANG_WARN_BLOCK_CAPTURE_AUTORELEASING = YES;
				CLANG_WARN_BOOL_CONVERSION = YES;
				CLANG_WARN_COMMA = YES;
				CLANG_WARN_CONSTANT_CONVERSION = YES;
				CLANG_WARN_DEPRECATED_OBJC_IMPLEMENTATIONS = YES;
				CLANG_WARN_DIRECT_OBJC_ISA_USAGE = YES_ERROR;
				CLANG_WARN_DOCUMENTATION_COMMENTS = YES;
				CLANG_WARN_EMPTY_BODY = YES;
				CLANG_WARN_ENUM_CONVERSION = YES;
				CLANG_WARN_INFINITE_RECURSION = YES;
				CLANG_WARN_INT_CONVERSION = YES;
				CLANG_WARN_NON_LITERAL_NULL_CONVERSION = YES;
				CLANG_WARN_OBJC_IMPLICIT_RETAIN_SELF = YES;
				CLANG_WARN_OBJC_LITERAL_CONVERSION = YES;
				CLANG_WARN_OBJC_ROOT_CLASS = YES_ERROR;
				CLANG_WARN_RANGE_LOOP_ANALYSIS = YES;
				CLANG_WARN_STRICT_PROTOTYPES = YES;
				CLANG_WARN_SUSPICIOUS_MOVE = YES;
				CLANG_WARN_UNGUARDED_AVAILABILITY = YES_AGGRESSIVE;
				CLANG_WARN_UNREACHABLE_CODE = YES;
				CLANG_WARN__DUPLICATE_METHOD_MATCH = YES;
				CODE_SIGN_IDENTITY = "iPhone Developer";
				COPY_PHASE_STRIP = NO;
				DEBUG_INFORMATION_FORMAT = dwarf;
				ENABLE_STRICT_OBJC_MSGSEND = YES;
				ENABLE_TESTABILITY = YES;
				GCC_C_LANGUAGE_STANDARD = gnu11;
				GCC_DYNAMIC_NO_PIC = NO;
				GCC_NO_COMMON_BLOCKS = YES;
				GCC_OPTIMIZATION_LEVEL = 0;
				GCC_PREPROCESSOR_DEFINITIONS = (
					"DEBUG=1",
					"$(inherited)",
				);
				GCC_WARN_64_TO_32_BIT_CONVERSION = YES;
				GCC_WARN_ABOUT_RETURN_TYPE = YES_ERROR;
				GCC_WARN_UNDECLARED_SELECTOR = YES;
				GCC_WARN_UNINITIALIZED_AUTOS = YES_AGGRESSIVE;
				GCC_WARN_UNUSED_FUNCTION = YES;
				GCC_WARN_UNUSED_VARIABLE = YES;
				IPHONEOS_DEPLOYMENT_TARGET = 12.2;
				MTL_ENABLE_DEBUG_INFO = INCLUDE_SOURCE;
				MTL_FAST_MATH = YES;
				ONLY_ACTIVE_ARCH = YES;
				SDKROOT = iphoneos;
				SWIFT_ACTIVE_COMPILATION_CONDITIONS = DEBUG;
				SWIFT_OPTIMIZATION_LEVEL = "-Onone";
			};
			name = Debug;
		};
		15C00DE622F0D35B00FF9952 /* Release */ = {
			isa = XCBuildConfiguration;
			buildSettings = {
				ALWAYS_SEARCH_USER_PATHS = NO;
				CLANG_ANALYZER_NONNULL = YES;
				CLANG_ANALYZER_NUMBER_OBJECT_CONVERSION = YES_AGGRESSIVE;
				CLANG_CXX_LANGUAGE_STANDARD = "gnu++14";
				CLANG_CXX_LIBRARY = "libc++";
				CLANG_ENABLE_MODULES = YES;
				CLANG_ENABLE_OBJC_ARC = YES;
				CLANG_ENABLE_OBJC_WEAK = YES;
				CLANG_WARN_BLOCK_CAPTURE_AUTORELEASING = YES;
				CLANG_WARN_BOOL_CONVERSION = YES;
				CLANG_WARN_COMMA = YES;
				CLANG_WARN_CONSTANT_CONVERSION = YES;
				CLANG_WARN_DEPRECATED_OBJC_IMPLEMENTATIONS = YES;
				CLANG_WARN_DIRECT_OBJC_ISA_USAGE = YES_ERROR;
				CLANG_WARN_DOCUMENTATION_COMMENTS = YES;
				CLANG_WARN_EMPTY_BODY = YES;
				CLANG_WARN_ENUM_CONVERSION = YES;
				CLANG_WARN_INFINITE_RECURSION = YES;
				CLANG_WARN_INT_CONVERSION = YES;
				CLANG_WARN_NON_LITERAL_NULL_CONVERSION = YES;
				CLANG_WARN_OBJC_IMPLICIT_RETAIN_SELF = YES;
				CLANG_WARN_OBJC_LITERAL_CONVERSION = YES;
				CLANG_WARN_OBJC_ROOT_CLASS = YES_ERROR;
				CLANG_WARN_RANGE_LOOP_ANALYSIS = YES;
				CLANG_WARN_STRICT_PROTOTYPES = YES;
				CLANG_WARN_SUSPICIOUS_MOVE = YES;
				CLANG_WARN_UNGUARDED_AVAILABILITY = YES_AGGRESSIVE;
				CLANG_WARN_UNREACHABLE_CODE = YES;
				CLANG_WARN__DUPLICATE_METHOD_MATCH = YES;
				CODE_SIGN_IDENTITY = "iPhone Developer";
				COPY_PHASE_STRIP = NO;
				DEBUG_INFORMATION_FORMAT = "dwarf-with-dsym";
				ENABLE_NS_ASSERTIONS = NO;
				ENABLE_STRICT_OBJC_MSGSEND = YES;
				GCC_C_LANGUAGE_STANDARD = gnu11;
				GCC_NO_COMMON_BLOCKS = YES;
				GCC_WARN_64_TO_32_BIT_CONVERSION = YES;
				GCC_WARN_ABOUT_RETURN_TYPE = YES_ERROR;
				GCC_WARN_UNDECLARED_SELECTOR = YES;
				GCC_WARN_UNINITIALIZED_AUTOS = YES_AGGRESSIVE;
				GCC_WARN_UNUSED_FUNCTION = YES;
				GCC_WARN_UNUSED_VARIABLE = YES;
				IPHONEOS_DEPLOYMENT_TARGET = 12.2;
				MTL_ENABLE_DEBUG_INFO = NO;
				MTL_FAST_MATH = YES;
				SDKROOT = iphoneos;
				SWIFT_COMPILATION_MODE = wholemodule;
				SWIFT_OPTIMIZATION_LEVEL = "-O";
				VALIDATE_PRODUCT = YES;
			};
			name = Release;
		};
		15C00DE822F0D35B00FF9952 /* Debug */ = {
			isa = XCBuildConfiguration;
			buildSettings = {
				ASSETCATALOG_COMPILER_APPICON_NAME = AppIcon;
				CODE_SIGN_STYLE = Automatic;
				DEVELOPMENT_TEAM = 2ADB5B3XYG;
				INFOPLIST_FILE = "GitHub Networking Test/Info.plist";
				LD_RUNPATH_SEARCH_PATHS = (
					"$(inherited)",
					"@executable_path/Frameworks",
				);
				PRODUCT_BUNDLE_IDENTIFIER = "damian.roszczyk.GitHub-Networking-Test";
				PRODUCT_NAME = "$(TARGET_NAME)";
				SWIFT_VERSION = 5.0;
				TARGETED_DEVICE_FAMILY = "1,2";
			};
			name = Debug;
		};
		15C00DE922F0D35B00FF9952 /* Release */ = {
			isa = XCBuildConfiguration;
			buildSettings = {
				ASSETCATALOG_COMPILER_APPICON_NAME = AppIcon;
				CODE_SIGN_STYLE = Automatic;
				DEVELOPMENT_TEAM = 2ADB5B3XYG;
				INFOPLIST_FILE = "GitHub Networking Test/Info.plist";
				LD_RUNPATH_SEARCH_PATHS = (
					"$(inherited)",
					"@executable_path/Frameworks",
				);
				PRODUCT_BUNDLE_IDENTIFIER = "damian.roszczyk.GitHub-Networking-Test";
				PRODUCT_NAME = "$(TARGET_NAME)";
				SWIFT_VERSION = 5.0;
				TARGETED_DEVICE_FAMILY = "1,2";
			};
			name = Release;
		};
/* End XCBuildConfiguration section */

/* Begin XCConfigurationList section */
		15C00DD022F0D35900FF9952 /* Build configuration list for PBXProject "GitHub Networking Test" */ = {
			isa = XCConfigurationList;
			buildConfigurations = (
				15C00DE522F0D35B00FF9952 /* Debug */,
				15C00DE622F0D35B00FF9952 /* Release */,
			);
			defaultConfigurationIsVisible = 0;
			defaultConfigurationName = Release;
		};
		15C00DE722F0D35B00FF9952 /* Build configuration list for PBXNativeTarget "GitHub Networking Test" */ = {
			isa = XCConfigurationList;
			buildConfigurations = (
				15C00DE822F0D35B00FF9952 /* Debug */,
				15C00DE922F0D35B00FF9952 /* Release */,
			);
			defaultConfigurationIsVisible = 0;
			defaultConfigurationName = Release;
		};
/* End XCConfigurationList section */
	};
	rootObject = 15C00DCD22F0D35900FF9952 /* Project object */;
}
